
Microsoft Visual Studio Solution File, Format Version 12.00
# Visual Studio Version 17
VisualStudioVersion = 17.9.34902.65
MinimumVisualStudioVersion = 10.0.40219.1
Project("{FAE04EC0-301F-11D3-BF4B-00C04F79EFBC}") = "00_Basic", "00_Basic.csproj", "{C154E767-F6B4-4C4E-B181-E92E6A08B29B}"
EndProject
Global
	GlobalSection(SolutionConfigurationPlatforms) = preSolution
		Debug|Any CPU = Debug|Any CPU
		Release|Any CPU = Release|Any CPU
	EndGlobalSection
	GlobalSection(ProjectConfigurationPlatforms) = postSolution
		{C154E767-F6B4-4C4E-B181-E92E6A08B29B}.Debug|Any CPU.ActiveCfg = Debug|Any CPU
		{C154E767-F6B4-4C4E-B181-E92E6A08B29B}.Debug|Any CPU.Build.0 = Debug|Any CPU
		{C154E767-F6B4-4C4E-B181-E92E6A08B29B}.Release|Any CPU.ActiveCfg = Release|Any CPU
		{C154E767-F6B4-4C4E-B181-E92E6A08B29B}.Release|Any CPU.Build.0 = Release|Any CPU
	EndGlobalSection
	GlobalSection(SolutionProperties) = preSolution
		HideSolutionNode = FALSE
	EndGlobalSection
	GlobalSection(ExtensibilityGlobals) = postSolution
		SolutionGuid = {41734455-22A7-4B49-9B43-D4FC853AA774}
	EndGlobalSection
EndGlobal
